
Microsoft Visual Studio Solution File, Format Version 11.00
# Visual Studio 2010
Project("{FAE04EC0-301F-11D3-BF4B-00C04F79EFBC}") = "Scripts", "Scripts.csproj", "{3a6abab0-cbfa-1f08-bd77-3dfb72a2de30}"
EndProject
Project("{FAE04EC0-301F-11D3-BF4B-00C04F79EFBC}") = "Tests", "Tests.csproj", "{e5bb300a-31ab-27eb-0bec-2d00e2f224f4}"
EndProject
Global
	GlobalSection(SolutionConfigurationPlatforms) = preSolution
		Debug|Any CPU = Debug|Any CPU
	EndGlobalSection
	GlobalSection(ProjectConfigurationPlatforms) = postSolution
		{3a6abab0-cbfa-1f08-bd77-3dfb72a2de30}.Debug|Any CPU.ActiveCfg = Debug|Any CPU
		{3a6abab0-cbfa-1f08-bd77-3dfb72a2de30}.Debug|Any CPU.Build.0 = Debug|Any CPU
		{e5bb300a-31ab-27eb-0bec-2d00e2f224f4}.Debug|Any CPU.ActiveCfg = Debug|Any CPU
		{e5bb300a-31ab-27eb-0bec-2d00e2f224f4}.Debug|Any CPU.Build.0 = Debug|Any CPU
	EndGlobalSection
	GlobalSection(SolutionProperties) = preSolution
		HideSolutionNode = FALSE
	EndGlobalSection
EndGlobal
